
Microsoft Visual Studio Solution File, Format Version 12.00
# Visual Studio Version 16
VisualStudioVersion = 16.0.31019.35
MinimumVisualStudioVersion = 10.0.40219.1
Project("{8BC9CEB8-8B4A-11D0-8D11-00A0C91BC942}") = "FibSeries", "FibSeries\FibSeries.vcxproj", "{B2A834DD-6651-486D-8F6C-D290FC08AA14}"
EndProject
Global
	GlobalSection(SolutionConfigurationPlatforms) = preSolution
		Debug|x64 = Debug|x64
		Debug|x86 = Debug|x86
		Release|x64 = Release|x64
		Release|x86 = Release|x86
	EndGlobalSection
	GlobalSection(ProjectConfigurationPlatforms) = postSolution
		{B2A834DD-6651-486D-8F6C-D290FC08AA14}.Debug|x64.ActiveCfg = Debug|x64
		{B2A834DD-6651-486D-8F6C-D290FC08AA14}.Debug|x64.Build.0 = Debug|x64
		{B2A834DD-6651-486D-8F6C-D290FC08AA14}.Debug|x86.ActiveCfg = Debug|Win32
		{B2A834DD-6651-486D-8F6C-D290FC08AA14}.Debug|x86.Build.0 = Debug|Win32
		{B2A834DD-6651-486D-8F6C-D290FC08AA14}.Release|x64.ActiveCfg = Release|x64
		{B2A834DD-6651-486D-8F6C-D290FC08AA14}.Release|x64.Build.0 = Release|x64
		{B2A834DD-6651-486D-8F6C-D290FC08AA14}.Release|x86.ActiveCfg = Release|Win32
		{B2A834DD-6651-486D-8F6C-D290FC08AA14}.Release|x86.Build.0 = Release|Win32
	EndGlobalSection
	GlobalSection(SolutionProperties) = preSolution
		HideSolutionNode = FALSE
	EndGlobalSection
	GlobalSection(ExtensibilityGlobals) = postSolution
		SolutionGuid = {0E5F10EF-A595-47D2-A162-820EF1BCE234}
	EndGlobalSection
EndGlobal
