
Microsoft Visual Studio Solution File, Format Version 12.00
# Visual Studio Version 16
VisualStudioVersion = 16.0.31019.35
MinimumVisualStudioVersion = 10.0.40219.1
Project("{8BC9CEB8-8B4A-11D0-8D11-00A0C91BC942}") = "TreeRecursion", "TreeRecursion\TreeRecursion.vcxproj", "{D5326F0A-4542-4E81-9D7B-881850F9431A}"
EndProject
Global
	GlobalSection(SolutionConfigurationPlatforms) = preSolution
		Debug|x64 = Debug|x64
		Debug|x86 = Debug|x86
		Release|x64 = Release|x64
		Release|x86 = Release|x86
	EndGlobalSection
	GlobalSection(ProjectConfigurationPlatforms) = postSolution
		{D5326F0A-4542-4E81-9D7B-881850F9431A}.Debug|x64.ActiveCfg = Debug|x64
		{D5326F0A-4542-4E81-9D7B-881850F9431A}.Debug|x64.Build.0 = Debug|x64
		{D5326F0A-4542-4E81-9D7B-881850F9431A}.Debug|x86.ActiveCfg = Debug|Win32
		{D5326F0A-4542-4E81-9D7B-881850F9431A}.Debug|x86.Build.0 = Debug|Win32
		{D5326F0A-4542-4E81-9D7B-881850F9431A}.Release|x64.ActiveCfg = Release|x64
		{D5326F0A-4542-4E81-9D7B-881850F9431A}.Release|x64.Build.0 = Release|x64
		{D5326F0A-4542-4E81-9D7B-881850F9431A}.Release|x86.ActiveCfg = Release|Win32
		{D5326F0A-4542-4E81-9D7B-881850F9431A}.Release|x86.Build.0 = Release|Win32
	EndGlobalSection
	GlobalSection(SolutionProperties) = preSolution
		HideSolutionNode = FALSE
	EndGlobalSection
	GlobalSection(ExtensibilityGlobals) = postSolution
		SolutionGuid = {3BA67089-E272-4CBD-A69C-414208E7F983}
	EndGlobalSection
EndGlobal
